
Microsoft Visual Studio Solution File, Format Version 12.00
# Visual Studio Version 17
VisualStudioVersion = 17.9.34723.18
MinimumVisualStudioVersion = 10.0.40219.1
Project("{FAE04EC0-301F-11D3-BF4B-00C04F79EFBC}") = "MusicPlayer", "MusicPlayer\MusicPlayer.csproj", "{BB338E97-ED96-4934-B827-9084879AEB46}"
EndProject
Global
	GlobalSection(SolutionConfigurationPlatforms) = preSolution
		Debug|Any CPU = Debug|Any CPU
		Release|Any CPU = Release|Any CPU
	EndGlobalSection
	GlobalSection(ProjectConfigurationPlatforms) = postSolution
		{BB338E97-ED96-4934-B827-9084879AEB46}.Debug|Any CPU.ActiveCfg = Debug|Any CPU
		{BB338E97-ED96-4934-B827-9084879AEB46}.Debug|Any CPU.Build.0 = Debug|Any CPU
		{BB338E97-ED96-4934-B827-9084879AEB46}.Release|Any CPU.ActiveCfg = Release|Any CPU
		{BB338E97-ED96-4934-B827-9084879AEB46}.Release|Any CPU.Build.0 = Release|Any CPU
	EndGlobalSection
	GlobalSection(SolutionProperties) = preSolution
		HideSolutionNode = FALSE
	EndGlobalSection
	GlobalSection(ExtensibilityGlobals) = postSolution
		SolutionGuid = {C863CCA4-E0F1-428A-8E4D-51519F8491D9}
	EndGlobalSection
EndGlobal
